
Microsoft Visual Studio Solution File, Format Version 12.00
# Visual Studio 15
VisualStudioVersion = 15.0.26730.12
MinimumVisualStudioVersion = 10.0.40219.1
Project("{8BC9CEB8-8B4A-11D0-8D11-00A0C91BC942}") = "HoI4 Color Generator", "HoI4 Color Generator\HoI4 Color Generator.vcxproj", "{007C0797-1505-4D7D-9F34-95CCCCCFC5C0}"
EndProject
Global
	GlobalSection(SolutionConfigurationPlatforms) = preSolution
		Debug|x64 = Debug|x64
		Debug|x86 = Debug|x86
		Release|x64 = Release|x64
		Release|x86 = Release|x86
	EndGlobalSection
	GlobalSection(ProjectConfigurationPlatforms) = postSolution
		{007C0797-1505-4D7D-9F34-95CCCCCFC5C0}.Debug|x64.ActiveCfg = Debug|x64
		{007C0797-1505-4D7D-9F34-95CCCCCFC5C0}.Debug|x64.Build.0 = Debug|x64
		{007C0797-1505-4D7D-9F34-95CCCCCFC5C0}.Debug|x86.ActiveCfg = Debug|Win32
		{007C0797-1505-4D7D-9F34-95CCCCCFC5C0}.Debug|x86.Build.0 = Debug|Win32
		{007C0797-1505-4D7D-9F34-95CCCCCFC5C0}.Release|x64.ActiveCfg = Release|x64
		{007C0797-1505-4D7D-9F34-95CCCCCFC5C0}.Release|x64.Build.0 = Release|x64
		{007C0797-1505-4D7D-9F34-95CCCCCFC5C0}.Release|x86.ActiveCfg = Release|Win32
		{007C0797-1505-4D7D-9F34-95CCCCCFC5C0}.Release|x86.Build.0 = Release|Win32
	EndGlobalSection
	GlobalSection(SolutionProperties) = preSolution
		HideSolutionNode = FALSE
	EndGlobalSection
	GlobalSection(ExtensibilityGlobals) = postSolution
		SolutionGuid = {8B4B04FA-B6D7-469D-ACE1-C0F3623A1F70}
	EndGlobalSection
EndGlobal
